// !$*UTF8*$!
{
	archiveVersion = 1;
	classes = {
	};
	objectVersion = 50;
	objects = {

/* Begin PBXBuildFile section */
		B08044EF250A551500576ADE /* AppDelegate.swift in Sources */ = {isa = PBXBuildFile; fileRef = B08044EE250A551500576ADE /* AppDelegate.swift */; };
		B08044F1250A551500576ADE /* SceneDelegate.swift in Sources */ = {isa = PBXBuildFile; fileRef = B08044F0250A551500576ADE /* SceneDelegate.swift */; };
		B08044F3250A551500576ADE /* ViewController.swift in Sources */ = {isa = PBXBuildFile; fileRef = B08044F2250A551500576ADE /* ViewController.swift */; };
		B08044F6250A551500576ADE /* Main.storyboard in Resources */ = {isa = PBXBuildFile; fileRef = B08044F4250A551500576ADE /* Main.storyboard */; };
		B08044F8250A552200576ADE /* Assets.xcassets in Resources */ = {isa = PBXBuildFile; fileRef = B08044F7250A552200576ADE /* Assets.xcassets */; };
		B08044FB250A552200576ADE /* LaunchScreen.storyboard in Resources */ = {isa = PBXBuildFile; fileRef = B08044F9250A552200576ADE /* LaunchScreen.storyboard */; };
/* End PBXBuildFile section */

/* Begin PBXFileReference section */
		B08044EB250A551500576ADE /* CalculadoraDigitalHouse.app */ = {isa = PBXFileReference; explicitFileType = wrapper.application; includeInIndex = 0; path = CalculadoraDigitalHouse.app; sourceTree = BUILT_PRODUCTS_DIR; };
		B08044EE250A551500576ADE /* AppDelegate.swift */ = {isa = PBXFileReference; lastKnownFileType = sourcecode.swift; path = AppDelegate.swift; sourceTree = "<group>"; };
		B08044F0250A551500576ADE /* SceneDelegate.swift */ = {isa = PBXFileReference; lastKnownFileType = sourcecode.swift; path = SceneDelegate.swift; sourceTree = "<group>"; };
		B08044F2250A551500576ADE /* ViewController.swift */ = {isa = PBXFileReference; lastKnownFileType = sourcecode.swift; path = ViewController.swift; sourceTree = "<group>"; };
		B08044F5250A551500576ADE /* Base */ = {isa = PBXFileReference; lastKnownFileType = file.storyboard; name = Base; path = Base.lproj/Main.storyboard; sourceTree = "<group>"; };
		B08044F7250A552200576ADE /* Assets.xcassets */ = {isa = PBXFileReference; lastKnownFileType = folder.assetcatalog; path = Assets.xcassets; sourceTree = "<group>"; };
		B08044FA250A552200576ADE /* Base */ = {isa = PBXFileReference; lastKnownFileType = file.storyboard; name = Base; path = Base.lproj/LaunchScreen.storyboard; sourceTree = "<group>"; };
		B08044FC250A552200576ADE /* Info.plist */ = {isa = PBXFileReference; lastKnownFileType = text.plist.xml; path = Info.plist; sourceTree = "<group>"; };
/* End PBXFileReference section */

/* Begin PBXFrameworksBuildPhase section */
		B08044E8250A551500576ADE /* Frameworks */ = {
			isa = PBXFrameworksBuildPhase;
			buildActionMask = 2147483647;
			files = (
			);
			runOnlyForDeploymentPostprocessing = 0;
		};
/* End PBXFrameworksBuildPhase section */

/* Begin PBXGroup section */
		B08044E2250A551500576ADE = {
			isa = PBXGroup;
			children = (
				B08044ED250A551500576ADE /* CalculadoraDigitalHouse */,
				B08044EC250A551500576ADE /* Products */,
			);
			sourceTree = "<group>";
		};
		B08044EC250A551500576ADE /* Products */ = {
			isa = PBXGroup;
			children = (
				B08044EB250A551500576ADE /* CalculadoraDigitalHouse.app */,
			);
			name = Products;
			sourceTree = "<group>";
		};
		B08044ED250A551500576ADE /* CalculadoraDigitalHouse */ = {
			isa = PBXGroup;
			children = (
				B08044EE250A551500576ADE /* AppDelegate.swift */,
				B08044F0250A551500576ADE /* SceneDelegate.swift */,
				B08044F2250A551500576ADE /* ViewController.swift */,
				B08044F4250A551500576ADE /* Main.storyboard */,
				B08044F7250A552200576ADE /* Assets.xcassets */,
				B08044F9250A552200576ADE /* LaunchScreen.storyboard */,
				B08044FC250A552200576ADE /* Info.plist */,
			);
			path = CalculadoraDigitalHouse;
			sourceTree = "<group>";
		};
/* End PBXGroup section */

/* Begin PBXNativeTarget section */
		B08044EA250A551500576ADE /* CalculadoraDigitalHouse */ = {
			isa = PBXNativeTarget;
			buildConfigurationList = B08044FF250A552200576ADE /* Build configuration list for PBXNativeTarget "CalculadoraDigitalHouse" */;
			buildPhases = (
				B08044E7250A551500576ADE /* Sources */,
				B08044E8250A551500576ADE /* Frameworks */,
				B08044E9250A551500576ADE /* Resources */,
			);
			buildRules = (
			);
			dependencies = (
			);
			name = CalculadoraDigitalHouse;
			productName = CalculadoraDigitalHouse;
			productReference = B08044EB250A551500576ADE /* CalculadoraDigitalHouse.app */;
			productType = "com.apple.product-type.application";
		};
/* End PBXNativeTarget section */

/* Begin PBXProject section */
		B08044E3250A551500576ADE /* Project object */ = {
			isa = PBXProject;
			attributes = {
				LastSwiftUpdateCheck = 1170;
				LastUpgradeCheck = 1170;
				ORGANIZATIONNAME = "Marcelo Squarisi";
				TargetAttributes = {
					B08044EA250A551500576ADE = {
						CreatedOnToolsVersion = 11.7;
					};
				};
			};
			buildConfigurationList = B08044E6250A551500576ADE /* Build configuration list for PBXProject "CalculadoraDigitalHouse" */;
			compatibilityVersion = "Xcode 9.3";
			developmentRegion = en;
			hasScannedForEncodings = 0;
			knownRegions = (
				en,
				Base,
			);
			mainGroup = B08044E2250A551500576ADE;
			productRefGroup = B08044EC250A551500576ADE /* Products */;
			projectDirPath = "";
			projectRoot = "";
			targets = (
				B08044EA250A551500576ADE /* CalculadoraDigitalHouse */,
			);
		};
/* End PBXProject section */

/* Begin PBXResourcesBuildPhase section */
		B08044E9250A551500576ADE /* Resources */ = {
			isa = PBXResourcesBuildPhase;
			buildActionMask = 2147483647;
			files = (
				B08044FB250A552200576ADE /* LaunchScreen.storyboard in Resources */,
				B08044F8250A552200576ADE /* Assets.xcassets in Resources */,
				B08044F6250A551500576ADE /* Main.storyboard in Resources */,
			);
			runOnlyForDeploymentPostprocessing = 0;
		};
/* End PBXResourcesBuildPhase section */

/* Begin PBXSourcesBuildPhase section */
		B08044E7250A551500576ADE /* Sources */ = {
			isa = PBXSourcesBuildPhase;
			buildActionMask = 2147483647;
			files = (
				B08044F3250A551500576ADE /* ViewController.swift in Sources */,
				B08044EF250A551500576ADE /* AppDelegate.swift in Sources */,
				B08044F1250A551500576ADE /* SceneDelegate.swift in Sources */,
			);
			runOnlyForDeploymentPostprocessing = 0;
		};
/* End PBXSourcesBuildPhase section */

/* Begin PBXVariantGroup section */
		B08044F4250A551500576ADE /* Main.storyboard */ = {
			isa = PBXVariantGroup;
			children = (
				B08044F5250A551500576ADE /* Base */,
			);
			name = Main.storyboard;
			sourceTree = "<group>";
		};
		B08044F9250A552200576ADE /* LaunchScreen.storyboard */ = {
			isa = PBXVariantGroup;
			children = (
				B08044FA250A552200576ADE /* Base */,
			);
			name = LaunchScreen.storyboard;
			sourceTree = "<group>";
		};
/* End PBXVariantGroup section */

/* Begin XCBuildConfiguration section */
		B08044FD250A552200576ADE /* Debug */ = {
			isa = XCBuildConfiguration;
			buildSettings = {
				ALWAYS_SEARCH_USER_PATHS = NO;
				CLANG_ANALYZER_NONNULL = YES;
				CLANG_ANALYZER_NUMBER_OBJECT_CONVERSION = YES_AGGRESSIVE;
				CLANG_CXX_LANGUAGE_STANDARD = "gnu++14";
				CLANG_CXX_LIBRARY = "libc++";
				CLANG_ENABLE_MODULES = YES;
				CLANG_ENABLE_OBJC_ARC = YES;
				CLANG_ENABLE_OBJC_WEAK = YES;
				CLANG_WARN_BLOCK_CAPTURE_AUTORELEASING = YES;
				CLANG_WARN_BOOL_CONVERSION = YES;
				CLANG_WARN_COMMA = YES;
				CLANG_WARN_CONSTANT_CONVERSION = YES;
				CLANG_WARN_DEPRECATED_OBJC_IMPLEMENTATIONS = YES;
				CLANG_WARN_DIRECT_OBJC_ISA_USAGE = YES_ERROR;
				CLANG_WARN_DOCUMENTATION_COMMENTS = YES;
				CLANG_WARN_EMPTY_BODY = YES;
				CLANG_WARN_ENUM_CONVERSION = YES;
				CLANG_WARN_INFINITE_RECURSION = YES;
				CLANG_WARN_INT_CONVERSION = YES;
				CLANG_WARN_NON_LITERAL_NULL_CONVERSION = YES;
				CLANG_WARN_OBJC_IMPLICIT_RETAIN_SELF = YES;
				CLANG_WARN_OBJC_LITERAL_CONVERSION = YES;
				CLANG_WARN_OBJC_ROOT_CLASS = YES_ERROR;
				CLANG_WARN_RANGE_LOOP_ANALYSIS = YES;
				CLANG_WARN_STRICT_PROTOTYPES = YES;
				CLANG_WARN_SUSPICIOUS_MOVE = YES;
				CLANG_WARN_UNGUARDED_AVAILABILITY = YES_AGGRESSIVE;
				CLANG_WARN_UNREACHABLE_CODE = YES;
				CLANG_WARN__DUPLICATE_METHOD_MATCH = YES;
				COPY_PHASE_STRIP = NO;
				DEBUG_INFORMATION_FORMAT = dwarf;
				ENABLE_STRICT_OBJC_MSGSEND = YES;
				ENABLE_TESTABILITY = YES;
				GCC_C_LANGUAGE_STANDARD = gnu11;
				GCC_DYNAMIC_NO_PIC = NO;
				GCC_NO_COMMON_BLOCKS = YES;
				GCC_OPTIMIZATION_LEVEL = 0;
				GCC_PREPROCESSOR_DEFINITIONS = (
					"DEBUG=1",
					"$(inherited)",
				);
				GCC_WARN_64_TO_32_BIT_CONVERSION = YES;
				GCC_WARN_ABOUT_RETURN_TYPE = YES_ERROR;
				GCC_WARN_UNDECLARED_SELECTOR = YES;
				GCC_WARN_UNINITIALIZED_AUTOS = YES_AGGRESSIVE;
				GCC_WARN_UNUSED_FUNCTION = YES;
				GCC_WARN_UNUSED_VARIABLE = YES;
				IPHONEOS_DEPLOYMENT_TARGET = 13.7;
				MTL_ENABLE_DEBUG_INFO = INCLUDE_SOURCE;
				MTL_FAST_MATH = YES;
				ONLY_ACTIVE_ARCH = YES;
				SDKROOT = iphoneos;
				SWIFT_ACTIVE_COMPILATION_CONDITIONS = DEBUG;
				SWIFT_OPTIMIZATION_LEVEL = "-Onone";
			};
			name = Debug;
		};
		B08044FE250A552200576ADE /* Release */ = {
			isa = XCBuildConfiguration;
			buildSettings = {
				ALWAYS_SEARCH_USER_PATHS = NO;
				CLANG_ANALYZER_NONNULL = YES;
				CLANG_ANALYZER_NUMBER_OBJECT_CONVERSION = YES_AGGRESSIVE;
				CLANG_CXX_LANGUAGE_STANDARD = "gnu++14";
				CLANG_CXX_LIBRARY = "libc++";
				CLANG_ENABLE_MODULES = YES;
				CLANG_ENABLE_OBJC_ARC = YES;
				CLANG_ENABLE_OBJC_WEAK = YES;
				CLANG_WARN_BLOCK_CAPTURE_AUTORELEASING = YES;
				CLANG_WARN_BOOL_CONVERSION = YES;
				CLANG_WARN_COMMA = YES;
				CLANG_WARN_CONSTANT_CONVERSION = YES;
				CLANG_WARN_DEPRECATED_OBJC_IMPLEMENTATIONS = YES;
				CLANG_WARN_DIRECT_OBJC_ISA_USAGE = YES_ERROR;
				CLANG_WARN_DOCUMENTATION_COMMENTS = YES;
				CLANG_WARN_EMPTY_BODY = YES;
				CLANG_WARN_ENUM_CONVERSION = YES;
				CLANG_WARN_INFINITE_RECURSION = YES;
				CLANG_WARN_INT_CONVERSION = YES;
				CLANG_WARN_NON_LITERAL_NULL_CONVERSION = YES;
				CLANG_WARN_OBJC_IMPLICIT_RETAIN_SELF = YES;
				CLANG_WARN_OBJC_LITERAL_CONVERSION = YES;
				CLANG_WARN_OBJC_ROOT_CLASS = YES_ERROR;
				CLANG_WARN_RANGE_LOOP_ANALYSIS = YES;
				CLANG_WARN_STRICT_PROTOTYPES = YES;
				CLANG_WARN_SUSPICIOUS_MOVE = YES;
				CLANG_WARN_UNGUARDED_AVAILABILITY = YES_AGGRESSIVE;
				CLANG_WARN_UNREACHABLE_CODE = YES;
				CLANG_WARN__DUPLICATE_METHOD_MATCH = YES;
				COPY_PHASE_STRIP = NO;
				DEBUG_INFORMATION_FORMAT = "dwarf-with-dsym";
				ENABLE_NS_ASSERTIONS = NO;
				ENABLE_STRICT_OBJC_MSGSEND = YES;
				GCC_C_LANGUAGE_STANDARD = gnu11;
				GCC_NO_COMMON_BLOCKS = YES;
				GCC_WARN_64_TO_32_BIT_CONVERSION = YES;
				GCC_WARN_ABOUT_RETURN_TYPE = YES_ERROR;
				GCC_WARN_UNDECLARED_SELECTOR = YES;
				GCC_WARN_UNINITIALIZED_AUTOS = YES_AGGRESSIVE;
				GCC_WARN_UNUSED_FUNCTION = YES;
				GCC_WARN_UNUSED_VARIABLE = YES;
				IPHONEOS_DEPLOYMENT_TARGET = 13.7;
				MTL_ENABLE_DEBUG_INFO = NO;
				MTL_FAST_MATH = YES;
				SDKROOT = iphoneos;
				SWIFT_COMPILATION_MODE = wholemodule;
				SWIFT_OPTIMIZATION_LEVEL = "-O";
				VALIDATE_PRODUCT = YES;
			};
			name = Release;
		};
		B0804500250A552200576ADE /* Debug */ = {
			isa = XCBuildConfiguration;
			buildSettings = {
				ASSETCATALOG_COMPILER_APPICON_NAME = AppIcon;
				CODE_SIGN_STYLE = Automatic;
				INFOPLIST_FILE = CalculadoraDigitalHouse/Info.plist;
				LD_RUNPATH_SEARCH_PATHS = (
					"$(inherited)",
					"@executable_path/Frameworks",
				);
				PRODUCT_BUNDLE_IDENTIFIER = com.macs.CalculadoraDigitalHouse;
				PRODUCT_NAME = "$(TARGET_NAME)";
				SWIFT_VERSION = 5.0;
				TARGETED_DEVICE_FAMILY = "1,2";
			};
			name = Debug;
		};
		B0804501250A552200576ADE /* Release */ = {
			isa = XCBuildConfiguration;
			buildSettings = {
				ASSETCATALOG_COMPILER_APPICON_NAME = AppIcon;
				CODE_SIGN_STYLE = Automatic;
				INFOPLIST_FILE = CalculadoraDigitalHouse/Info.plist;
				LD_RUNPATH_SEARCH_PATHS = (
					"$(inherited)",
					"@executable_path/Frameworks",
				);
				PRODUCT_BUNDLE_IDENTIFIER = com.macs.CalculadoraDigitalHouse;
				PRODUCT_NAME = "$(TARGET_NAME)";
				SWIFT_VERSION = 5.0;
				TARGETED_DEVICE_FAMILY = "1,2";
			};
			name = Release;
		};
/* End XCBuildConfiguration section */

/* Begin XCConfigurationList section */
		B08044E6250A551500576ADE /* Build configuration list for PBXProject "CalculadoraDigitalHouse" */ = {
			isa = XCConfigurationList;
			buildConfigurations = (
				B08044FD250A552200576ADE /* Debug */,
				B08044FE250A552200576ADE /* Release */,
			);
			defaultConfigurationIsVisible = 0;
			defaultConfigurationName = Release;
		};
		B08044FF250A552200576ADE /* Build configuration list for PBXNativeTarget "CalculadoraDigitalHouse" */ = {
			isa = XCConfigurationList;
			buildConfigurations = (
				B0804500250A552200576ADE /* Debug */,
				B0804501250A552200576ADE /* Release */,
			);
			defaultConfigurationIsVisible = 0;
			defaultConfigurationName = Release;
		};
/* End XCConfigurationList section */
	};
	rootObject = B08044E3250A551500576ADE /* Project object */;
}
